<?xml version="1.0" encoding="utf-8"?>
<Project ToolsVersion="4.0" xmlns="http://schemas.microsoft.com/developer/msbuild/2003">
  <ItemGroup>
    <ClCompile Include="main.c" />
    <ClCompile Include="matrix.c" />
    <ClCompile Include="surf.c" />
    <ClCompile Include="cpthread.c" />
  </ItemGroup>
  <ItemGroup>
    <ClInclude Include="matrix.h" />
    <ClInclude Include="stb_image.h" />
    <ClInclude Include="stb_image_write.h" />
    <ClInclude Include="surf.h" />
    <ClInclude Include="cpthread.h" />
  </ItemGroup>
</Project>